
Microsoft Visual Studio Solution File, Format Version 12.00
# Visual Studio Version 16
VisualStudioVersion = 16.0.34729.46
MinimumVisualStudioVersion = 10.0.40219.1
Project("{FAE04EC0-301F-11D3-BF4B-00C04F79EFBC}") = "bai3.1", "bai3.1\bai3.1.csproj", "{1601595F-545C-432A-8BD0-B98CFBC46955}"
EndProject
Global
	GlobalSection(SolutionConfigurationPlatforms) = preSolution
		Debug|Any CPU = Debug|Any CPU
		Release|Any CPU = Release|Any CPU
	EndGlobalSection
	GlobalSection(ProjectConfigurationPlatforms) = postSolution
		{1601595F-545C-432A-8BD0-B98CFBC46955}.Debug|Any CPU.ActiveCfg = Debug|Any CPU
		{1601595F-545C-432A-8BD0-B98CFBC46955}.Debug|Any CPU.Build.0 = Debug|Any CPU
		{1601595F-545C-432A-8BD0-B98CFBC46955}.Release|Any CPU.ActiveCfg = Release|Any CPU
		{1601595F-545C-432A-8BD0-B98CFBC46955}.Release|Any CPU.Build.0 = Release|Any CPU
	EndGlobalSection
	GlobalSection(SolutionProperties) = preSolution
		HideSolutionNode = FALSE
	EndGlobalSection
	GlobalSection(ExtensibilityGlobals) = postSolution
		SolutionGuid = {C9463714-6678-4919-8D69-FACA592399D4}
	EndGlobalSection
EndGlobal
